
Microsoft Visual Studio Solution File, Format Version 12.00
# Visual Studio Version 17
VisualStudioVersion = 17.14.36221.1 d17.14
MinimumVisualStudioVersion = 10.0.40219.1
Project("{FAE04EC0-301F-11D3-BF4B-00C04F79EFBC}") = "Using Inheritance", "Using Inheritance\Using Inheritance.csproj", "{DBF4C2CB-F6F9-4C80-8383-D3C1007B5D38}"
EndProject
Project("{FAE04EC0-301F-11D3-BF4B-00C04F79EFBC}") = "Using Composition", "Using Composition\Using Composition.csproj", "{8DACC9EC-1CA8-43B7-8602-19667BB04D63}"
EndProject
Global
	GlobalSection(SolutionConfigurationPlatforms) = preSolution
		Debug|Any CPU = Debug|Any CPU
		Release|Any CPU = Release|Any CPU
	EndGlobalSection
	GlobalSection(ProjectConfigurationPlatforms) = postSolution
		{DBF4C2CB-F6F9-4C80-8383-D3C1007B5D38}.Debug|Any CPU.ActiveCfg = Debug|Any CPU
		{DBF4C2CB-F6F9-4C80-8383-D3C1007B5D38}.Debug|Any CPU.Build.0 = Debug|Any CPU
		{DBF4C2CB-F6F9-4C80-8383-D3C1007B5D38}.Release|Any CPU.ActiveCfg = Release|Any CPU
		{DBF4C2CB-F6F9-4C80-8383-D3C1007B5D38}.Release|Any CPU.Build.0 = Release|Any CPU
		{8DACC9EC-1CA8-43B7-8602-19667BB04D63}.Debug|Any CPU.ActiveCfg = Debug|Any CPU
		{8DACC9EC-1CA8-43B7-8602-19667BB04D63}.Debug|Any CPU.Build.0 = Debug|Any CPU
		{8DACC9EC-1CA8-43B7-8602-19667BB04D63}.Release|Any CPU.ActiveCfg = Release|Any CPU
		{8DACC9EC-1CA8-43B7-8602-19667BB04D63}.Release|Any CPU.Build.0 = Release|Any CPU
	EndGlobalSection
	GlobalSection(SolutionProperties) = preSolution
		HideSolutionNode = FALSE
	EndGlobalSection
	GlobalSection(ExtensibilityGlobals) = postSolution
		SolutionGuid = {B01F146C-B633-467E-8E5F-B30F0A364AC9}
	EndGlobalSection
EndGlobal
