
Microsoft Visual Studio Solution File, Format Version 12.00
# Visual Studio Version 17
VisualStudioVersion = 17.14.36221.1 d17.14
MinimumVisualStudioVersion = 10.0.40219.1
Project("{FAE04EC0-301F-11D3-BF4B-00C04F79EFBC}") = "BeforeUsingOCP", "BeforeUsingOCP\BeforeUsingOCP.csproj", "{422E554C-FB9B-49BB-B983-440B878DAA7B}"
EndProject
Project("{FAE04EC0-301F-11D3-BF4B-00C04F79EFBC}") = "UsingOCP", "UsingOCP\UsingOCP.csproj", "{6095060B-AD16-465F-B477-55F1CC16A5C2}"
EndProject
Global
	GlobalSection(SolutionConfigurationPlatforms) = preSolution
		Debug|Any CPU = Debug|Any CPU
		Release|Any CPU = Release|Any CPU
	EndGlobalSection
	GlobalSection(ProjectConfigurationPlatforms) = postSolution
		{422E554C-FB9B-49BB-B983-440B878DAA7B}.Debug|Any CPU.ActiveCfg = Debug|Any CPU
		{422E554C-FB9B-49BB-B983-440B878DAA7B}.Debug|Any CPU.Build.0 = Debug|Any CPU
		{422E554C-FB9B-49BB-B983-440B878DAA7B}.Release|Any CPU.ActiveCfg = Release|Any CPU
		{422E554C-FB9B-49BB-B983-440B878DAA7B}.Release|Any CPU.Build.0 = Release|Any CPU
		{6095060B-AD16-465F-B477-55F1CC16A5C2}.Debug|Any CPU.ActiveCfg = Debug|Any CPU
		{6095060B-AD16-465F-B477-55F1CC16A5C2}.Debug|Any CPU.Build.0 = Debug|Any CPU
		{6095060B-AD16-465F-B477-55F1CC16A5C2}.Release|Any CPU.ActiveCfg = Release|Any CPU
		{6095060B-AD16-465F-B477-55F1CC16A5C2}.Release|Any CPU.Build.0 = Release|Any CPU
	EndGlobalSection
	GlobalSection(SolutionProperties) = preSolution
		HideSolutionNode = FALSE
	EndGlobalSection
	GlobalSection(ExtensibilityGlobals) = postSolution
		SolutionGuid = {3CCD2050-04DD-4C66-B661-2BA99558F5EF}
	EndGlobalSection
EndGlobal
