
Microsoft Visual Studio Solution File, Format Version 12.00
# Visual Studio Version 17
VisualStudioVersion = 17.14.36221.1 d17.14
MinimumVisualStudioVersion = 10.0.40219.1
Project("{FAE04EC0-301F-11D3-BF4B-00C04F79EFBC}") = "Tightly Coupling", "Tightly Coupling\Tightly Coupling.csproj", "{0F3677D3-D2E3-44FC-827D-122EF4060607}"
EndProject
Project("{FAE04EC0-301F-11D3-BF4B-00C04F79EFBC}") = "Loosly Coupling", "Loosly Coupling\Loosly Coupling.csproj", "{BF18F701-F638-42DF-B007-461D99057712}"
EndProject
Global
	GlobalSection(SolutionConfigurationPlatforms) = preSolution
		Debug|Any CPU = Debug|Any CPU
		Release|Any CPU = Release|Any CPU
	EndGlobalSection
	GlobalSection(ProjectConfigurationPlatforms) = postSolution
		{0F3677D3-D2E3-44FC-827D-122EF4060607}.Debug|Any CPU.ActiveCfg = Debug|Any CPU
		{0F3677D3-D2E3-44FC-827D-122EF4060607}.Debug|Any CPU.Build.0 = Debug|Any CPU
		{0F3677D3-D2E3-44FC-827D-122EF4060607}.Release|Any CPU.ActiveCfg = Release|Any CPU
		{0F3677D3-D2E3-44FC-827D-122EF4060607}.Release|Any CPU.Build.0 = Release|Any CPU
		{BF18F701-F638-42DF-B007-461D99057712}.Debug|Any CPU.ActiveCfg = Debug|Any CPU
		{BF18F701-F638-42DF-B007-461D99057712}.Debug|Any CPU.Build.0 = Debug|Any CPU
		{BF18F701-F638-42DF-B007-461D99057712}.Release|Any CPU.ActiveCfg = Release|Any CPU
		{BF18F701-F638-42DF-B007-461D99057712}.Release|Any CPU.Build.0 = Release|Any CPU
	EndGlobalSection
	GlobalSection(SolutionProperties) = preSolution
		HideSolutionNode = FALSE
	EndGlobalSection
	GlobalSection(ExtensibilityGlobals) = postSolution
		SolutionGuid = {03A1A120-08E7-4828-9AA9-6837990089C7}
	EndGlobalSection
EndGlobal
