
Microsoft Visual Studio Solution File, Format Version 12.00
# Visual Studio Version 17
VisualStudioVersion = 17.14.36221.1 d17.14
MinimumVisualStudioVersion = 10.0.40219.1
Project("{FAE04EC0-301F-11D3-BF4B-00C04F79EFBC}") = "BeforeUsingLSP", "BeforeUsingLSP\BeforeUsingLSP.csproj", "{E8908BC2-3765-4B34-8954-832DCD25120E}"
EndProject
Project("{FAE04EC0-301F-11D3-BF4B-00C04F79EFBC}") = "UsingLSP", "UsingLSP\UsingLSP.csproj", "{64D821A4-EF84-498F-8E9E-39D7E826AE74}"
EndProject
Global
	GlobalSection(SolutionConfigurationPlatforms) = preSolution
		Debug|Any CPU = Debug|Any CPU
		Release|Any CPU = Release|Any CPU
	EndGlobalSection
	GlobalSection(ProjectConfigurationPlatforms) = postSolution
		{E8908BC2-3765-4B34-8954-832DCD25120E}.Debug|Any CPU.ActiveCfg = Debug|Any CPU
		{E8908BC2-3765-4B34-8954-832DCD25120E}.Debug|Any CPU.Build.0 = Debug|Any CPU
		{E8908BC2-3765-4B34-8954-832DCD25120E}.Release|Any CPU.ActiveCfg = Release|Any CPU
		{E8908BC2-3765-4B34-8954-832DCD25120E}.Release|Any CPU.Build.0 = Release|Any CPU
		{64D821A4-EF84-498F-8E9E-39D7E826AE74}.Debug|Any CPU.ActiveCfg = Debug|Any CPU
		{64D821A4-EF84-498F-8E9E-39D7E826AE74}.Debug|Any CPU.Build.0 = Debug|Any CPU
		{64D821A4-EF84-498F-8E9E-39D7E826AE74}.Release|Any CPU.ActiveCfg = Release|Any CPU
		{64D821A4-EF84-498F-8E9E-39D7E826AE74}.Release|Any CPU.Build.0 = Release|Any CPU
	EndGlobalSection
	GlobalSection(SolutionProperties) = preSolution
		HideSolutionNode = FALSE
	EndGlobalSection
	GlobalSection(ExtensibilityGlobals) = postSolution
		SolutionGuid = {725CD640-88A5-4C72-95BA-33360AF009E8}
	EndGlobalSection
EndGlobal
